{
  "name": "electron-react-boilerplate",
  "version": "0.12.0",
  "lockfileVersion": 1,
  "dependencies": {
    "react-bootstrap-date-picker": {
      "version": "5.0.1",
      "resolved": "https://registry.npmjs.org/react-bootstrap-date-picker/-/react-bootstrap-date-picker-5.0.1.tgz",
      "integrity": "sha1-TQyzPZPVwtkt8QQLNQm+gmmokuo="
    }
  }
}
